// !$*UTF8*$!
{
	archiveVersion = 1;
	classes = {
	};
	objectVersion = 56;
	objects = {

/* Begin PBXBuildFile section */
		122A1B142C62468F00B1FA05 /* KittyCatalogApp.swift in Sources */ = {isa = PBXBuildFile; fileRef = 122A1B132C62468F00B1FA05 /* KittyCatalogApp.swift */; };
		122A1B182C62469000B1FA05 /* Assets.xcassets in Resources */ = {isa = PBXBuildFile; fileRef = 122A1B172C62469000B1FA05 /* Assets.xcassets */; };
		122A1B1B2C62469000B1FA05 /* Preview Assets.xcassets in Resources */ = {isa = PBXBuildFile; fileRef = 122A1B1A2C62469000B1FA05 /* Preview Assets.xcassets */; };
		122A1B252C62469000B1FA05 /* KittyCatalogTests.swift in Sources */ = {isa = PBXBuildFile; fileRef = 122A1B242C62469000B1FA05 /* KittyCatalogTests.swift */; };
		122A1B2F2C62469000B1FA05 /* KittyCatalogUITests.swift in Sources */ = {isa = PBXBuildFile; fileRef = 122A1B2E2C62469000B1FA05 /* KittyCatalogUITests.swift */; };
		122A1BBD2C637BA400B1FA05 /* PersistenceController.swift in Sources */ = {isa = PBXBuildFile; fileRef = 122A1BBC2C637BA400B1FA05 /* PersistenceController.swift */; };
		122A1BBF2C637C6000B1FA05 /* CatBreedsViewModel.swift in Sources */ = {isa = PBXBuildFile; fileRef = 122A1BBE2C637C6000B1FA05 /* CatBreedsViewModel.swift */; };
		122A1BC12C637D0000B1FA05 /* CatBreedsView.swift in Sources */ = {isa = PBXBuildFile; fileRef = 122A1BC02C637D0000B1FA05 /* CatBreedsView.swift */; };
		122A1BC32C637D1200B1FA05 /* CatBreedsDetailView.swift in Sources */ = {isa = PBXBuildFile; fileRef = 122A1BC22C637D1200B1FA05 /* CatBreedsDetailView.swift */; };
		122A1BC52C6381EE00B1FA05 /* CatBreed.swift in Sources */ = {isa = PBXBuildFile; fileRef = 122A1BC42C6381EE00B1FA05 /* CatBreed.swift */; };
		122A1BC72C6381F900B1FA05 /* CatImage.swift in Sources */ = {isa = PBXBuildFile; fileRef = 122A1BC62C6381F900B1FA05 /* CatImage.swift */; };
		12BD7BC92C6385600078F314 /* CatBreedsModel.xcdatamodeld in Sources */ = {isa = PBXBuildFile; fileRef = 12BD7BC72C6385600078F314 /* CatBreedsModel.xcdatamodeld */; };
		12BD7BD22C638D2C0078F314 /* KittyCatalogUITestsLaunchTests.swift in Sources */ = {isa = PBXBuildFile; fileRef = 122A1B302C62469000B1FA05 /* KittyCatalogUITestsLaunchTests.swift */; };
		12BD7BD52C63A32D0078F314 /* CatAPIService.swift in Sources */ = {isa = PBXBuildFile; fileRef = 12BD7BD42C63A32D0078F314 /* CatAPIService.swift */; };
		12BD7BDA2C63A3FA0078F314 /* APIError.swift in Sources */ = {isa = PBXBuildFile; fileRef = 12BD7BD92C63A3FA0078F314 /* APIError.swift */; };
		12BD7BE42C63B0400078F314 /* ConfigManager.swift in Sources */ = {isa = PBXBuildFile; fileRef = 12BD7BE32C63B0400078F314 /* ConfigManager.swift */; };
		12BD7BE82C63B88A0078F314 /* Config.plist in Resources */ = {isa = PBXBuildFile; fileRef = 12BD7BE72C63B88A0078F314 /* Config.plist */; };
/* End PBXBuildFile section */

/* Begin PBXContainerItemProxy section */
		122A1B212C62469000B1FA05 /* PBXContainerItemProxy */ = {
			isa = PBXContainerItemProxy;
			containerPortal = 122A1B082C62468F00B1FA05 /* Project object */;
			proxyType = 1;
			remoteGlobalIDString = 122A1B0F2C62468F00B1FA05;
			remoteInfo = KittyCatalog;
		};
		122A1B2B2C62469000B1FA05 /* PBXContainerItemProxy */ = {
			isa = PBXContainerItemProxy;
			containerPortal = 122A1B082C62468F00B1FA05 /* Project object */;
			proxyType = 1;
			remoteGlobalIDString = 122A1B0F2C62468F00B1FA05;
			remoteInfo = KittyCatalog;
		};
/* End PBXContainerItemProxy section */

/* Begin PBXFileReference section */
		122A1B102C62468F00B1FA05 /* KittyCatalog.app */ = {isa = PBXFileReference; explicitFileType = wrapper.application; includeInIndex = 0; path = KittyCatalog.app; sourceTree = BUILT_PRODUCTS_DIR; };
		122A1B132C62468F00B1FA05 /* KittyCatalogApp.swift */ = {isa = PBXFileReference; lastKnownFileType = sourcecode.swift; path = KittyCatalogApp.swift; sourceTree = "<group>"; };
		122A1B172C62469000B1FA05 /* Assets.xcassets */ = {isa = PBXFileReference; lastKnownFileType = folder.assetcatalog; path = Assets.xcassets; sourceTree = "<group>"; };
		122A1B1A2C62469000B1FA05 /* Preview Assets.xcassets */ = {isa = PBXFileReference; lastKnownFileType = folder.assetcatalog; path = "Preview Assets.xcassets"; sourceTree = "<group>"; };
		122A1B202C62469000B1FA05 /* KittyCatalogTests.xctest */ = {isa = PBXFileReference; explicitFileType = wrapper.cfbundle; includeInIndex = 0; path = KittyCatalogTests.xctest; sourceTree = BUILT_PRODUCTS_DIR; };
		122A1B242C62469000B1FA05 /* KittyCatalogTests.swift */ = {isa = PBXFileReference; lastKnownFileType = sourcecode.swift; path = KittyCatalogTests.swift; sourceTree = "<group>"; };
		122A1B2A2C62469000B1FA05 /* KittyCatalogUITests.xctest */ = {isa = PBXFileReference; explicitFileType = wrapper.cfbundle; includeInIndex = 0; path = KittyCatalogUITests.xctest; sourceTree = BUILT_PRODUCTS_DIR; };
		122A1B2E2C62469000B1FA05 /* KittyCatalogUITests.swift */ = {isa = PBXFileReference; lastKnownFileType = sourcecode.swift; path = KittyCatalogUITests.swift; sourceTree = "<group>"; };
		122A1B302C62469000B1FA05 /* KittyCatalogUITestsLaunchTests.swift */ = {isa = PBXFileReference; lastKnownFileType = sourcecode.swift; path = KittyCatalogUITestsLaunchTests.swift; sourceTree = "<group>"; };
		122A1BBC2C637BA400B1FA05 /* PersistenceController.swift */ = {isa = PBXFileReference; lastKnownFileType = sourcecode.swift; path = PersistenceController.swift; sourceTree = "<group>"; };
		122A1BBE2C637C6000B1FA05 /* CatBreedsViewModel.swift */ = {isa = PBXFileReference; lastKnownFileType = sourcecode.swift; path = CatBreedsViewModel.swift; sourceTree = "<group>"; };
		122A1BC02C637D0000B1FA05 /* CatBreedsView.swift */ = {isa = PBXFileReference; lastKnownFileType = sourcecode.swift; path = CatBreedsView.swift; sourceTree = "<group>"; };
		122A1BC22C637D1200B1FA05 /* CatBreedsDetailView.swift */ = {isa = PBXFileReference; lastKnownFileType = sourcecode.swift; path = CatBreedsDetailView.swift; sourceTree = "<group>"; };
		122A1BC42C6381EE00B1FA05 /* CatBreed.swift */ = {isa = PBXFileReference; lastKnownFileType = sourcecode.swift; path = CatBreed.swift; sourceTree = "<group>"; };
		122A1BC62C6381F900B1FA05 /* CatImage.swift */ = {isa = PBXFileReference; lastKnownFileType = sourcecode.swift; path = CatImage.swift; sourceTree = "<group>"; };
		12BD7BC82C6385600078F314 /* CatBreedsModel.xcdatamodel */ = {isa = PBXFileReference; lastKnownFileType = wrapper.xcdatamodel; path = CatBreedsModel.xcdatamodel; sourceTree = "<group>"; };
		12BD7BD42C63A32D0078F314 /* CatAPIService.swift */ = {isa = PBXFileReference; lastKnownFileType = sourcecode.swift; path = CatAPIService.swift; sourceTree = "<group>"; };
		12BD7BD92C63A3FA0078F314 /* APIError.swift */ = {isa = PBXFileReference; lastKnownFileType = sourcecode.swift; path = APIError.swift; sourceTree = "<group>"; };
		12BD7BE32C63B0400078F314 /* ConfigManager.swift */ = {isa = PBXFileReference; lastKnownFileType = sourcecode.swift; path = ConfigManager.swift; sourceTree = "<group>"; };
		12BD7BE72C63B88A0078F314 /* Config.plist */ = {isa = PBXFileReference; lastKnownFileType = text.plist.xml; path = Config.plist; sourceTree = "<group>"; };
/* End PBXFileReference section */

/* Begin PBXFrameworksBuildPhase section */
		122A1B0D2C62468F00B1FA05 /* Frameworks */ = {
			isa = PBXFrameworksBuildPhase;
			buildActionMask = 2147483647;
			files = (
			);
			runOnlyForDeploymentPostprocessing = 0;
		};
		122A1B1D2C62469000B1FA05 /* Frameworks */ = {
			isa = PBXFrameworksBuildPhase;
			buildActionMask = 2147483647;
			files = (
			);
			runOnlyForDeploymentPostprocessing = 0;
		};
		122A1B272C62469000B1FA05 /* Frameworks */ = {
			isa = PBXFrameworksBuildPhase;
			buildActionMask = 2147483647;
			files = (
			);
			runOnlyForDeploymentPostprocessing = 0;
		};
/* End PBXFrameworksBuildPhase section */

/* Begin PBXGroup section */
		122A1B072C62468F00B1FA05 = {
			isa = PBXGroup;
			children = (
				122A1B122C62468F00B1FA05 /* KittyCatalog */,
				122A1B232C62469000B1FA05 /* KittyCatalogTests */,
				122A1B2D2C62469000B1FA05 /* KittyCatalogUITests */,
				122A1B112C62468F00B1FA05 /* Products */,
			);
			sourceTree = "<group>";
		};
		122A1B112C62468F00B1FA05 /* Products */ = {
			isa = PBXGroup;
			children = (
				122A1B102C62468F00B1FA05 /* KittyCatalog.app */,
				122A1B202C62469000B1FA05 /* KittyCatalogTests.xctest */,
				122A1B2A2C62469000B1FA05 /* KittyCatalogUITests.xctest */,
			);
			name = Products;
			sourceTree = "<group>";
		};
		122A1B122C62468F00B1FA05 /* KittyCatalog */ = {
			isa = PBXGroup;
			children = (
				12BD7BDE2C63AEC70078F314 /* Configuration */,
				12BD7BD62C63A3C20078F314 /* CustomErrors */,
				12BD7BD32C63A3160078F314 /* Service */,
				122A1BBB2C637B6300B1FA05 /* CoreDataStack */,
				122A1BBA2C637A9C00B1FA05 /* ViewModels */,
				122A1BB92C637A9700B1FA05 /* Views */,
				122A1BB72C637A8000B1FA05 /* Models */,
				122A1B132C62468F00B1FA05 /* KittyCatalogApp.swift */,
				122A1B172C62469000B1FA05 /* Assets.xcassets */,
				122A1B192C62469000B1FA05 /* Preview Content */,
			);
			path = KittyCatalog;
			sourceTree = "<group>";
		};
		122A1B192C62469000B1FA05 /* Preview Content */ = {
			isa = PBXGroup;
			children = (
				122A1B1A2C62469000B1FA05 /* Preview Assets.xcassets */,
			);
			path = "Preview Content";
			sourceTree = "<group>";
		};
		122A1B232C62469000B1FA05 /* KittyCatalogTests */ = {
			isa = PBXGroup;
			children = (
				122A1B242C62469000B1FA05 /* KittyCatalogTests.swift */,
				122A1B302C62469000B1FA05 /* KittyCatalogUITestsLaunchTests.swift */,
			);
			path = KittyCatalogTests;
			sourceTree = "<group>";
		};
		122A1B2D2C62469000B1FA05 /* KittyCatalogUITests */ = {
			isa = PBXGroup;
			children = (
				122A1B2E2C62469000B1FA05 /* KittyCatalogUITests.swift */,
			);
			path = KittyCatalogUITests;
			sourceTree = "<group>";
		};
		122A1BB72C637A8000B1FA05 /* Models */ = {
			isa = PBXGroup;
			children = (
				122A1BC42C6381EE00B1FA05 /* CatBreed.swift */,
				122A1BC62C6381F900B1FA05 /* CatImage.swift */,
			);
			path = Models;
			sourceTree = "<group>";
		};
		122A1BB92C637A9700B1FA05 /* Views */ = {
			isa = PBXGroup;
			children = (
				122A1BC02C637D0000B1FA05 /* CatBreedsView.swift */,
				122A1BC22C637D1200B1FA05 /* CatBreedsDetailView.swift */,
			);
			path = Views;
			sourceTree = "<group>";
		};
		122A1BBA2C637A9C00B1FA05 /* ViewModels */ = {
			isa = PBXGroup;
			children = (
				122A1BBE2C637C6000B1FA05 /* CatBreedsViewModel.swift */,
			);
			path = ViewModels;
			sourceTree = "<group>";
		};
		122A1BBB2C637B6300B1FA05 /* CoreDataStack */ = {
			isa = PBXGroup;
			children = (
				122A1BBC2C637BA400B1FA05 /* PersistenceController.swift */,
				12BD7BC72C6385600078F314 /* CatBreedsModel.xcdatamodeld */,
			);
			path = CoreDataStack;
			sourceTree = "<group>";
		};
		12BD7BD32C63A3160078F314 /* Service */ = {
			isa = PBXGroup;
			children = (
				12BD7BD42C63A32D0078F314 /* CatAPIService.swift */,
			);
			path = Service;
			sourceTree = "<group>";
		};
		12BD7BD62C63A3C20078F314 /* CustomErrors */ = {
			isa = PBXGroup;
			children = (
				12BD7BD92C63A3FA0078F314 /* APIError.swift */,
			);
			path = CustomErrors;
			sourceTree = "<group>";
		};
		12BD7BDE2C63AEC70078F314 /* Configuration */ = {
			isa = PBXGroup;
			children = (
				12BD7BE32C63B0400078F314 /* ConfigManager.swift */,
				12BD7BE72C63B88A0078F314 /* Config.plist */,
			);
			path = Configuration;
			sourceTree = "<group>";
		};
/* End PBXGroup section */

/* Begin PBXNativeTarget section */
		122A1B0F2C62468F00B1FA05 /* KittyCatalog */ = {
			isa = PBXNativeTarget;
			buildConfigurationList = 122A1B342C62469000B1FA05 /* Build configuration list for PBXNativeTarget "KittyCatalog" */;
			buildPhases = (
				122A1B0C2C62468F00B1FA05 /* Sources */,
				122A1B0D2C62468F00B1FA05 /* Frameworks */,
				122A1B0E2C62468F00B1FA05 /* Resources */,
			);
			buildRules = (
			);
			dependencies = (
			);
			name = KittyCatalog;
			packageProductDependencies = (
			);
			productName = KittyCatalog;
			productReference = 122A1B102C62468F00B1FA05 /* KittyCatalog.app */;
			productType = "com.apple.product-type.application";
		};
		122A1B1F2C62469000B1FA05 /* KittyCatalogTests */ = {
			isa = PBXNativeTarget;
			buildConfigurationList = 122A1B372C62469000B1FA05 /* Build configuration list for PBXNativeTarget "KittyCatalogTests" */;
			buildPhases = (
				122A1B1C2C62469000B1FA05 /* Sources */,
				122A1B1D2C62469000B1FA05 /* Frameworks */,
				122A1B1E2C62469000B1FA05 /* Resources */,
			);
			buildRules = (
			);
			dependencies = (
				122A1B222C62469000B1FA05 /* PBXTargetDependency */,
			);
			name = KittyCatalogTests;
			productName = KittyCatalogTests;
			productReference = 122A1B202C62469000B1FA05 /* KittyCatalogTests.xctest */;
			productType = "com.apple.product-type.bundle.unit-test";
		};
		122A1B292C62469000B1FA05 /* KittyCatalogUITests */ = {
			isa = PBXNativeTarget;
			buildConfigurationList = 122A1B3A2C62469000B1FA05 /* Build configuration list for PBXNativeTarget "KittyCatalogUITests" */;
			buildPhases = (
				122A1B262C62469000B1FA05 /* Sources */,
				122A1B272C62469000B1FA05 /* Frameworks */,
				122A1B282C62469000B1FA05 /* Resources */,
			);
			buildRules = (
			);
			dependencies = (
				122A1B2C2C62469000B1FA05 /* PBXTargetDependency */,
			);
			name = KittyCatalogUITests;
			productName = KittyCatalogUITests;
			productReference = 122A1B2A2C62469000B1FA05 /* KittyCatalogUITests.xctest */;
			productType = "com.apple.product-type.bundle.ui-testing";
		};
/* End PBXNativeTarget section */

/* Begin PBXProject section */
		122A1B082C62468F00B1FA05 /* Project object */ = {
			isa = PBXProject;
			attributes = {
				BuildIndependentTargetsInParallel = 1;
				LastSwiftUpdateCheck = 1540;
				LastUpgradeCheck = 1540;
				TargetAttributes = {
					122A1B0F2C62468F00B1FA05 = {
						CreatedOnToolsVersion = 15.4;
					};
					122A1B1F2C62469000B1FA05 = {
						CreatedOnToolsVersion = 15.4;
						TestTargetID = 122A1B0F2C62468F00B1FA05;
					};
					122A1B292C62469000B1FA05 = {
						CreatedOnToolsVersion = 15.4;
						TestTargetID = 122A1B0F2C62468F00B1FA05;
					};
				};
			};
			buildConfigurationList = 122A1B0B2C62468F00B1FA05 /* Build configuration list for PBXProject "KittyCatalog" */;
			compatibilityVersion = "Xcode 14.0";
			developmentRegion = en;
			hasScannedForEncodings = 0;
			knownRegions = (
				en,
				Base,
			);
			mainGroup = 122A1B072C62468F00B1FA05;
			packageReferences = (
			);
			productRefGroup = 122A1B112C62468F00B1FA05 /* Products */;
			projectDirPath = "";
			projectRoot = "";
			targets = (
				122A1B0F2C62468F00B1FA05 /* KittyCatalog */,
				122A1B1F2C62469000B1FA05 /* KittyCatalogTests */,
				122A1B292C62469000B1FA05 /* KittyCatalogUITests */,
			);
		};
/* End PBXProject section */

/* Begin PBXResourcesBuildPhase section */
		122A1B0E2C62468F00B1FA05 /* Resources */ = {
			isa = PBXResourcesBuildPhase;
			buildActionMask = 2147483647;
			files = (
				122A1B1B2C62469000B1FA05 /* Preview Assets.xcassets in Resources */,
				12BD7BE82C63B88A0078F314 /* Config.plist in Resources */,
				122A1B182C62469000B1FA05 /* Assets.xcassets in Resources */,
			);
			runOnlyForDeploymentPostprocessing = 0;
		};
		122A1B1E2C62469000B1FA05 /* Resources */ = {
			isa = PBXResourcesBuildPhase;
			buildActionMask = 2147483647;
			files = (
			);
			runOnlyForDeploymentPostprocessing = 0;
		};
		122A1B282C62469000B1FA05 /* Resources */ = {
			isa = PBXResourcesBuildPhase;
			buildActionMask = 2147483647;
			files = (
			);
			runOnlyForDeploymentPostprocessing = 0;
		};
/* End PBXResourcesBuildPhase section */

/* Begin PBXSourcesBuildPhase section */
		122A1B0C2C62468F00B1FA05 /* Sources */ = {
			isa = PBXSourcesBuildPhase;
			buildActionMask = 2147483647;
			files = (
				122A1BBF2C637C6000B1FA05 /* CatBreedsViewModel.swift in Sources */,
				12BD7BE42C63B0400078F314 /* ConfigManager.swift in Sources */,
				12BD7BD52C63A32D0078F314 /* CatAPIService.swift in Sources */,
				12BD7BC92C6385600078F314 /* CatBreedsModel.xcdatamodeld in Sources */,
				12BD7BDA2C63A3FA0078F314 /* APIError.swift in Sources */,
				122A1BC52C6381EE00B1FA05 /* CatBreed.swift in Sources */,
				122A1BC32C637D1200B1FA05 /* CatBreedsDetailView.swift in Sources */,
				122A1BBD2C637BA400B1FA05 /* PersistenceController.swift in Sources */,
				122A1BC72C6381F900B1FA05 /* CatImage.swift in Sources */,
				122A1BC12C637D0000B1FA05 /* CatBreedsView.swift in Sources */,
				122A1B142C62468F00B1FA05 /* KittyCatalogApp.swift in Sources */,
			);
			runOnlyForDeploymentPostprocessing = 0;
		};
		122A1B1C2C62469000B1FA05 /* Sources */ = {
			isa = PBXSourcesBuildPhase;
			buildActionMask = 2147483647;
			files = (
				12BD7BD22C638D2C0078F314 /* KittyCatalogUITestsLaunchTests.swift in Sources */,
				122A1B252C62469000B1FA05 /* KittyCatalogTests.swift in Sources */,
			);
			runOnlyForDeploymentPostprocessing = 0;
		};
		122A1B262C62469000B1FA05 /* Sources */ = {
			isa = PBXSourcesBuildPhase;
			buildActionMask = 2147483647;
			files = (
				122A1B2F2C62469000B1FA05 /* KittyCatalogUITests.swift in Sources */,
			);
			runOnlyForDeploymentPostprocessing = 0;
		};
/* End PBXSourcesBuildPhase section */

/* Begin PBXTargetDependency section */
		122A1B222C62469000B1FA05 /* PBXTargetDependency */ = {
			isa = PBXTargetDependency;
			target = 122A1B0F2C62468F00B1FA05 /* KittyCatalog */;
			targetProxy = 122A1B212C62469000B1FA05 /* PBXContainerItemProxy */;
		};
		122A1B2C2C62469000B1FA05 /* PBXTargetDependency */ = {
			isa = PBXTargetDependency;
			target = 122A1B0F2C62468F00B1FA05 /* KittyCatalog */;
			targetProxy = 122A1B2B2C62469000B1FA05 /* PBXContainerItemProxy */;
		};
/* End PBXTargetDependency section */

/* Begin XCBuildConfiguration section */
		122A1B322C62469000B1FA05 /* Debug */ = {
			isa = XCBuildConfiguration;
			buildSettings = {
				ALWAYS_SEARCH_USER_PATHS = NO;
				ASSETCATALOG_COMPILER_GENERATE_SWIFT_ASSET_SYMBOL_EXTENSIONS = YES;
				CLANG_ANALYZER_NONNULL = YES;
				CLANG_ANALYZER_NUMBER_OBJECT_CONVERSION = YES_AGGRESSIVE;
				CLANG_CXX_LANGUAGE_STANDARD = "gnu++20";
				CLANG_ENABLE_MODULES = YES;
				CLANG_ENABLE_OBJC_ARC = YES;
				CLANG_ENABLE_OBJC_WEAK = YES;
				CLANG_WARN_BLOCK_CAPTURE_AUTORELEASING = YES;
				CLANG_WARN_BOOL_CONVERSION = YES;
				CLANG_WARN_COMMA = YES;
				CLANG_WARN_CONSTANT_CONVERSION = YES;
				CLANG_WARN_DEPRECATED_OBJC_IMPLEMENTATIONS = YES;
				CLANG_WARN_DIRECT_OBJC_ISA_USAGE = YES_ERROR;
				CLANG_WARN_DOCUMENTATION_COMMENTS = YES;
				CLANG_WARN_EMPTY_BODY = YES;
				CLANG_WARN_ENUM_CONVERSION = YES;
				CLANG_WARN_INFINITE_RECURSION = YES;
				CLANG_WARN_INT_CONVERSION = YES;
				CLANG_WARN_NON_LITERAL_NULL_CONVERSION = YES;
				CLANG_WARN_OBJC_IMPLICIT_RETAIN_SELF = YES;
				CLANG_WARN_OBJC_LITERAL_CONVERSION = YES;
				CLANG_WARN_OBJC_ROOT_CLASS = YES_ERROR;
				CLANG_WARN_QUOTED_INCLUDE_IN_FRAMEWORK_HEADER = YES;
				CLANG_WARN_RANGE_LOOP_ANALYSIS = YES;
				CLANG_WARN_STRICT_PROTOTYPES = YES;
				CLANG_WARN_SUSPICIOUS_MOVE = YES;
				CLANG_WARN_UNGUARDED_AVAILABILITY = YES_AGGRESSIVE;
				CLANG_WARN_UNREACHABLE_CODE = YES;
				CLANG_WARN__DUPLICATE_METHOD_MATCH = YES;
				COPY_PHASE_STRIP = NO;
				DEBUG_INFORMATION_FORMAT = dwarf;
				ENABLE_STRICT_OBJC_MSGSEND = YES;
				ENABLE_TESTABILITY = YES;
				ENABLE_USER_SCRIPT_SANDBOXING = YES;
				GCC_C_LANGUAGE_STANDARD = gnu17;
				GCC_DYNAMIC_NO_PIC = NO;
				GCC_NO_COMMON_BLOCKS = YES;
				GCC_OPTIMIZATION_LEVEL = 0;
				GCC_PREPROCESSOR_DEFINITIONS = (
					"DEBUG=1",
					"$(inherited)",
				);
				GCC_WARN_64_TO_32_BIT_CONVERSION = YES;
				GCC_WARN_ABOUT_RETURN_TYPE = YES_ERROR;
				GCC_WARN_UNDECLARED_SELECTOR = YES;
				GCC_WARN_UNINITIALIZED_AUTOS = YES_AGGRESSIVE;
				GCC_WARN_UNUSED_FUNCTION = YES;
				GCC_WARN_UNUSED_VARIABLE = YES;
				IPHONEOS_DEPLOYMENT_TARGET = 17.5;
				LOCALIZATION_PREFERS_STRING_CATALOGS = YES;
				MTL_ENABLE_DEBUG_INFO = INCLUDE_SOURCE;
				MTL_FAST_MATH = YES;
				ONLY_ACTIVE_ARCH = YES;
				SDKROOT = iphoneos;
				SWIFT_ACTIVE_COMPILATION_CONDITIONS = "DEBUG $(inherited)";
				SWIFT_OPTIMIZATION_LEVEL = "-Onone";
			};
			name = Debug;
		};
		122A1B332C62469000B1FA05 /* Release */ = {
			isa = XCBuildConfiguration;
			buildSettings = {
				ALWAYS_SEARCH_USER_PATHS = NO;
				ASSETCATALOG_COMPILER_GENERATE_SWIFT_ASSET_SYMBOL_EXTENSIONS = YES;
				CLANG_ANALYZER_NONNULL = YES;
				CLANG_ANALYZER_NUMBER_OBJECT_CONVERSION = YES_AGGRESSIVE;
				CLANG_CXX_LANGUAGE_STANDARD = "gnu++20";
				CLANG_ENABLE_MODULES = YES;
				CLANG_ENABLE_OBJC_ARC = YES;
				CLANG_ENABLE_OBJC_WEAK = YES;
				CLANG_WARN_BLOCK_CAPTURE_AUTORELEASING = YES;
				CLANG_WARN_BOOL_CONVERSION = YES;
				CLANG_WARN_COMMA = YES;
				CLANG_WARN_CONSTANT_CONVERSION = YES;
				CLANG_WARN_DEPRECATED_OBJC_IMPLEMENTATIONS = YES;
				CLANG_WARN_DIRECT_OBJC_ISA_USAGE = YES_ERROR;
				CLANG_WARN_DOCUMENTATION_COMMENTS = YES;
				CLANG_WARN_EMPTY_BODY = YES;
				CLANG_WARN_ENUM_CONVERSION = YES;
				CLANG_WARN_INFINITE_RECURSION = YES;
				CLANG_WARN_INT_CONVERSION = YES;
				CLANG_WARN_NON_LITERAL_NULL_CONVERSION = YES;
				CLANG_WARN_OBJC_IMPLICIT_RETAIN_SELF = YES;
				CLANG_WARN_OBJC_LITERAL_CONVERSION = YES;
				CLANG_WARN_OBJC_ROOT_CLASS = YES_ERROR;
				CLANG_WARN_QUOTED_INCLUDE_IN_FRAMEWORK_HEADER = YES;
				CLANG_WARN_RANGE_LOOP_ANALYSIS = YES;
				CLANG_WARN_STRICT_PROTOTYPES = YES;
				CLANG_WARN_SUSPICIOUS_MOVE = YES;
				CLANG_WARN_UNGUARDED_AVAILABILITY = YES_AGGRESSIVE;
				CLANG_WARN_UNREACHABLE_CODE = YES;
				CLANG_WARN__DUPLICATE_METHOD_MATCH = YES;
				COPY_PHASE_STRIP = NO;
				DEBUG_INFORMATION_FORMAT = "dwarf-with-dsym";
				ENABLE_NS_ASSERTIONS = NO;
				ENABLE_STRICT_OBJC_MSGSEND = YES;
				ENABLE_USER_SCRIPT_SANDBOXING = YES;
				GCC_C_LANGUAGE_STANDARD = gnu17;
				GCC_NO_COMMON_BLOCKS = YES;
				GCC_WARN_64_TO_32_BIT_CONVERSION = YES;
				GCC_WARN_ABOUT_RETURN_TYPE = YES_ERROR;
				GCC_WARN_UNDECLARED_SELECTOR = YES;
				GCC_WARN_UNINITIALIZED_AUTOS = YES_AGGRESSIVE;
				GCC_WARN_UNUSED_FUNCTION = YES;
				GCC_WARN_UNUSED_VARIABLE = YES;
				IPHONEOS_DEPLOYMENT_TARGET = 17.5;
				LOCALIZATION_PREFERS_STRING_CATALOGS = YES;
				MTL_ENABLE_DEBUG_INFO = NO;
				MTL_FAST_MATH = YES;
				SDKROOT = iphoneos;
				SWIFT_COMPILATION_MODE = wholemodule;
				VALIDATE_PRODUCT = YES;
			};
			name = Release;
		};
		122A1B352C62469000B1FA05 /* Debug */ = {
			isa = XCBuildConfiguration;
			buildSettings = {
				ASSETCATALOG_COMPILER_APPICON_NAME = AppIcon;
				ASSETCATALOG_COMPILER_GLOBAL_ACCENT_COLOR_NAME = AccentColor;
				CODE_SIGN_STYLE = Automatic;
				CURRENT_PROJECT_VERSION = 1;
				DEVELOPMENT_ASSET_PATHS = "\"KittyCatalog/Preview Content\"";
				DEVELOPMENT_TEAM = 76X35WT69V;
				ENABLE_PREVIEWS = YES;
				GENERATE_INFOPLIST_FILE = YES;
				INFOPLIST_KEY_UIApplicationSceneManifest_Generation = YES;
				INFOPLIST_KEY_UIApplicationSupportsIndirectInputEvents = YES;
				INFOPLIST_KEY_UILaunchScreen_Generation = YES;
				INFOPLIST_KEY_UISupportedInterfaceOrientations_iPad = "UIInterfaceOrientationPortrait UIInterfaceOrientationPortraitUpsideDown UIInterfaceOrientationLandscapeLeft UIInterfaceOrientationLandscapeRight";
				INFOPLIST_KEY_UISupportedInterfaceOrientations_iPhone = "UIInterfaceOrientationPortrait UIInterfaceOrientationLandscapeLeft UIInterfaceOrientationLandscapeRight";
				LD_RUNPATH_SEARCH_PATHS = (
					"$(inherited)",
					"@executable_path/Frameworks",
				);
				MARKETING_VERSION = 1.0;
				PRODUCT_BUNDLE_IDENTIFIER = davidLourenco.KittyCatalog;
				PRODUCT_NAME = "$(TARGET_NAME)";
				SWIFT_EMIT_LOC_STRINGS = YES;
				SWIFT_VERSION = 5.0;
				TARGETED_DEVICE_FAMILY = "1,2";
			};
			name = Debug;
		};
		122A1B362C62469000B1FA05 /* Release */ = {
			isa = XCBuildConfiguration;
			buildSettings = {
				ASSETCATALOG_COMPILER_APPICON_NAME = AppIcon;
				ASSETCATALOG_COMPILER_GLOBAL_ACCENT_COLOR_NAME = AccentColor;
				CODE_SIGN_STYLE = Automatic;
				CURRENT_PROJECT_VERSION = 1;
				DEVELOPMENT_ASSET_PATHS = "\"KittyCatalog/Preview Content\"";
				DEVELOPMENT_TEAM = 76X35WT69V;
				ENABLE_PREVIEWS = YES;
				GENERATE_INFOPLIST_FILE = YES;
				INFOPLIST_KEY_UIApplicationSceneManifest_Generation = YES;
				INFOPLIST_KEY_UIApplicationSupportsIndirectInputEvents = YES;
				INFOPLIST_KEY_UILaunchScreen_Generation = YES;
				INFOPLIST_KEY_UISupportedInterfaceOrientations_iPad = "UIInterfaceOrientationPortrait UIInterfaceOrientationPortraitUpsideDown UIInterfaceOrientationLandscapeLeft UIInterfaceOrientationLandscapeRight";
				INFOPLIST_KEY_UISupportedInterfaceOrientations_iPhone = "UIInterfaceOrientationPortrait UIInterfaceOrientationLandscapeLeft UIInterfaceOrientationLandscapeRight";
				LD_RUNPATH_SEARCH_PATHS = (
					"$(inherited)",
					"@executable_path/Frameworks",
				);
				MARKETING_VERSION = 1.0;
				PRODUCT_BUNDLE_IDENTIFIER = davidLourenco.KittyCatalog;
				PRODUCT_NAME = "$(TARGET_NAME)";
				SWIFT_EMIT_LOC_STRINGS = YES;
				SWIFT_VERSION = 5.0;
				TARGETED_DEVICE_FAMILY = "1,2";
			};
			name = Release;
		};
		122A1B382C62469000B1FA05 /* Debug */ = {
			isa = XCBuildConfiguration;
			buildSettings = {
				ALWAYS_EMBED_SWIFT_STANDARD_LIBRARIES = YES;
				BUNDLE_LOADER = "$(TEST_HOST)";
				CODE_SIGN_STYLE = Automatic;
				CURRENT_PROJECT_VERSION = 1;
				DEVELOPMENT_TEAM = 76X35WT69V;
				GENERATE_INFOPLIST_FILE = YES;
				IPHONEOS_DEPLOYMENT_TARGET = 17.5;
				MARKETING_VERSION = 1.0;
				PRODUCT_BUNDLE_IDENTIFIER = davidLourenco.KittyCatalogTests;
				PRODUCT_NAME = "$(TARGET_NAME)";
				SWIFT_EMIT_LOC_STRINGS = NO;
				SWIFT_VERSION = 5.0;
				TARGETED_DEVICE_FAMILY = "1,2";
				TEST_HOST = "$(BUILT_PRODUCTS_DIR)/KittyCatalog.app/$(BUNDLE_EXECUTABLE_FOLDER_PATH)/KittyCatalog";
			};
			name = Debug;
		};
		122A1B392C62469000B1FA05 /* Release */ = {
			isa = XCBuildConfiguration;
			buildSettings = {
				ALWAYS_EMBED_SWIFT_STANDARD_LIBRARIES = YES;
				BUNDLE_LOADER = "$(TEST_HOST)";
				CODE_SIGN_STYLE = Automatic;
				CURRENT_PROJECT_VERSION = 1;
				DEVELOPMENT_TEAM = 76X35WT69V;
				GENERATE_INFOPLIST_FILE = YES;
				IPHONEOS_DEPLOYMENT_TARGET = 17.5;
				MARKETING_VERSION = 1.0;
				PRODUCT_BUNDLE_IDENTIFIER = davidLourenco.KittyCatalogTests;
				PRODUCT_NAME = "$(TARGET_NAME)";
				SWIFT_EMIT_LOC_STRINGS = NO;
				SWIFT_VERSION = 5.0;
				TARGETED_DEVICE_FAMILY = "1,2";
				TEST_HOST = "$(BUILT_PRODUCTS_DIR)/KittyCatalog.app/$(BUNDLE_EXECUTABLE_FOLDER_PATH)/KittyCatalog";
			};
			name = Release;
		};
		122A1B3B2C62469000B1FA05 /* Debug */ = {
			isa = XCBuildConfiguration;
			buildSettings = {
				ALWAYS_EMBED_SWIFT_STANDARD_LIBRARIES = YES;
				CODE_SIGN_STYLE = Automatic;
				CURRENT_PROJECT_VERSION = 1;
				DEVELOPMENT_TEAM = 76X35WT69V;
				GENERATE_INFOPLIST_FILE = YES;
				MARKETING_VERSION = 1.0;
				PRODUCT_BUNDLE_IDENTIFIER = davidLourenco.KittyCatalogUITests;
				PRODUCT_NAME = "$(TARGET_NAME)";
				SWIFT_EMIT_LOC_STRINGS = NO;
				SWIFT_VERSION = 5.0;
				TARGETED_DEVICE_FAMILY = "1,2";
				TEST_TARGET_NAME = KittyCatalog;
			};
			name = Debug;
		};
		122A1B3C2C62469000B1FA05 /* Release */ = {
			isa = XCBuildConfiguration;
			buildSettings = {
				ALWAYS_EMBED_SWIFT_STANDARD_LIBRARIES = YES;
				CODE_SIGN_STYLE = Automatic;
				CURRENT_PROJECT_VERSION = 1;
				DEVELOPMENT_TEAM = 76X35WT69V;
				GENERATE_INFOPLIST_FILE = YES;
				MARKETING_VERSION = 1.0;
				PRODUCT_BUNDLE_IDENTIFIER = davidLourenco.KittyCatalogUITests;
				PRODUCT_NAME = "$(TARGET_NAME)";
				SWIFT_EMIT_LOC_STRINGS = NO;
				SWIFT_VERSION = 5.0;
				TARGETED_DEVICE_FAMILY = "1,2";
				TEST_TARGET_NAME = KittyCatalog;
			};
			name = Release;
		};
/* End XCBuildConfiguration section */

/* Begin XCConfigurationList section */
		122A1B0B2C62468F00B1FA05 /* Build configuration list for PBXProject "KittyCatalog" */ = {
			isa = XCConfigurationList;
			buildConfigurations = (
				122A1B322C62469000B1FA05 /* Debug */,
				122A1B332C62469000B1FA05 /* Release */,
			);
			defaultConfigurationIsVisible = 0;
			defaultConfigurationName = Release;
		};
		122A1B342C62469000B1FA05 /* Build configuration list for PBXNativeTarget "KittyCatalog" */ = {
			isa = XCConfigurationList;
			buildConfigurations = (
				122A1B352C62469000B1FA05 /* Debug */,
				122A1B362C62469000B1FA05 /* Release */,
			);
			defaultConfigurationIsVisible = 0;
			defaultConfigurationName = Release;
		};
		122A1B372C62469000B1FA05 /* Build configuration list for PBXNativeTarget "KittyCatalogTests" */ = {
			isa = XCConfigurationList;
			buildConfigurations = (
				122A1B382C62469000B1FA05 /* Debug */,
				122A1B392C62469000B1FA05 /* Release */,
			);
			defaultConfigurationIsVisible = 0;
			defaultConfigurationName = Release;
		};
		122A1B3A2C62469000B1FA05 /* Build configuration list for PBXNativeTarget "KittyCatalogUITests" */ = {
			isa = XCConfigurationList;
			buildConfigurations = (
				122A1B3B2C62469000B1FA05 /* Debug */,
				122A1B3C2C62469000B1FA05 /* Release */,
			);
			defaultConfigurationIsVisible = 0;
			defaultConfigurationName = Release;
		};
/* End XCConfigurationList section */

/* Begin XCVersionGroup section */
		12BD7BC72C6385600078F314 /* CatBreedsModel.xcdatamodeld */ = {
			isa = XCVersionGroup;
			children = (
				12BD7BC82C6385600078F314 /* CatBreedsModel.xcdatamodel */,
			);
			currentVersion = 12BD7BC82C6385600078F314 /* CatBreedsModel.xcdatamodel */;
			name = CatBreedsModel.xcdatamodeld;
			path = "/Users/davidlourenco/Desktop/Projetos iOS/SwordHealth/KittyCatalog/KittyCatalog/CoreDataStack/CatBreedsModel.xcdatamodeld";
			sourceTree = "<group>";
			versionGroupType = wrapper.xcdatamodel;
		};
/* End XCVersionGroup section */
	};
	rootObject = 122A1B082C62468F00B1FA05 /* Project object */;
}
